
Microsoft Visual Studio Solution File, Format Version 12.00
# Visual Studio 16
Project("{FAE04EC0-301F-11D3-BF4B-00C04F79EFBC}") = "Assembly-CSharp", "Assembly-CSharp.csproj", "{EE3A58BD-6B56-5A0E-DA3E-EE10DB2D9451}"
EndProject
Project("{FAE04EC0-301F-11D3-BF4B-00C04F79EFBC}") = "Assembly-CSharp-firstpass", "Assembly-CSharp-firstpass.csproj", "{E37B2F43-A24F-B697-2E2F-72A70DD83356}"
EndProject
Project("{FAE04EC0-301F-11D3-BF4B-00C04F79EFBC}") = "Assembly-CSharp-Editor-firstpass", "Assembly-CSharp-Editor-firstpass.csproj", "{B9590470-6589-5085-8E45-952E34572790}"
EndProject
Global
	GlobalSection(SolutionConfigurationPlatforms) = preSolution
		Debug|Any CPU = Debug|Any CPU
		Release|Any CPU = Release|Any CPU
	EndGlobalSection
	GlobalSection(ProjectConfigurationPlatforms) = postSolution
		{EE3A58BD-6B56-5A0E-DA3E-EE10DB2D9451}.Debug|Any CPU.ActiveCfg = Debug|Any CPU
		{EE3A58BD-6B56-5A0E-DA3E-EE10DB2D9451}.Debug|Any CPU.Build.0 = Debug|Any CPU
		{EE3A58BD-6B56-5A0E-DA3E-EE10DB2D9451}.Release|Any CPU.ActiveCfg = Release|Any CPU
		{EE3A58BD-6B56-5A0E-DA3E-EE10DB2D9451}.Release|Any CPU.Build.0 = Release|Any CPU
		{E37B2F43-A24F-B697-2E2F-72A70DD83356}.Debug|Any CPU.ActiveCfg = Debug|Any CPU
		{E37B2F43-A24F-B697-2E2F-72A70DD83356}.Debug|Any CPU.Build.0 = Debug|Any CPU
		{E37B2F43-A24F-B697-2E2F-72A70DD83356}.Release|Any CPU.ActiveCfg = Release|Any CPU
		{E37B2F43-A24F-B697-2E2F-72A70DD83356}.Release|Any CPU.Build.0 = Release|Any CPU
		{B9590470-6589-5085-8E45-952E34572790}.Debug|Any CPU.ActiveCfg = Debug|Any CPU
		{B9590470-6589-5085-8E45-952E34572790}.Debug|Any CPU.Build.0 = Debug|Any CPU
		{B9590470-6589-5085-8E45-952E34572790}.Release|Any CPU.ActiveCfg = Release|Any CPU
		{B9590470-6589-5085-8E45-952E34572790}.Release|Any CPU.Build.0 = Release|Any CPU
	EndGlobalSection
	GlobalSection(SolutionProperties) = preSolution
		HideSolutionNode = FALSE
	EndGlobalSection
	GlobalSection(MonoDevelopProperties) = preSolution
		StartupItem = Assembly-CSharp.csproj
	EndGlobalSection
EndGlobal
